// !$*UTF8*$!
{
	archiveVersion = 1;
	classes = {
	};
	objectVersion = 46;
	objects = {

/* Begin PBXBuildFile section */
		A3F85C431EC9C37B00098486 /* main.m in Sources */ = {isa = PBXBuildFile; fileRef = A3F85C421EC9C37B00098486 /* main.m */; };
		A3F85C461EC9C37B00098486 /* AppDelegate.m in Sources */ = {isa = PBXBuildFile; fileRef = A3F85C451EC9C37B00098486 /* AppDelegate.m */; };
		A3F85C491EC9C37B00098486 /* ViewController.m in Sources */ = {isa = PBXBuildFile; fileRef = A3F85C481EC9C37B00098486 /* ViewController.m */; };
		A3F85C4C1EC9C37B00098486 /* Main.storyboard in Resources */ = {isa = PBXBuildFile; fileRef = A3F85C4A1EC9C37B00098486 /* Main.storyboard */; };
		A3F85C4E1EC9C37B00098486 /* Assets.xcassets in Resources */ = {isa = PBXBuildFile; fileRef = A3F85C4D1EC9C37B00098486 /* Assets.xcassets */; };
		A3F85C511EC9C37B00098486 /* LaunchScreen.storyboard in Resources */ = {isa = PBXBuildFile; fileRef = A3F85C4F1EC9C37B00098486 /* LaunchScreen.storyboard */; };
		E4C18AA4A3E03BC705133295 /* libPods-C2CallTask.a in Frameworks */ = {isa = PBXBuildFile; fileRef = E36CA00CF508B6E56AAA5FC0 /* libPods-C2CallTask.a */; };
/* End PBXBuildFile section */

/* Begin PBXFileReference section */
		27423721EB435C6F03260517 /* Pods-C2CallTask.debug.xcconfig */ = {isa = PBXFileReference; includeInIndex = 1; lastKnownFileType = text.xcconfig; name = "Pods-C2CallTask.debug.xcconfig"; path = "Pods/Target Support Files/Pods-C2CallTask/Pods-C2CallTask.debug.xcconfig"; sourceTree = "<group>"; };
		A3F85C3E1EC9C37B00098486 /* C2CallTask.app */ = {isa = PBXFileReference; explicitFileType = wrapper.application; includeInIndex = 0; path = C2CallTask.app; sourceTree = BUILT_PRODUCTS_DIR; };
		A3F85C421EC9C37B00098486 /* main.m */ = {isa = PBXFileReference; lastKnownFileType = sourcecode.c.objc; path = main.m; sourceTree = "<group>"; };
		A3F85C441EC9C37B00098486 /* AppDelegate.h */ = {isa = PBXFileReference; lastKnownFileType = sourcecode.c.h; path = AppDelegate.h; sourceTree = "<group>"; };
		A3F85C451EC9C37B00098486 /* AppDelegate.m */ = {isa = PBXFileReference; lastKnownFileType = sourcecode.c.objc; path = AppDelegate.m; sourceTree = "<group>"; };
		A3F85C471EC9C37B00098486 /* ViewController.h */ = {isa = PBXFileReference; lastKnownFileType = sourcecode.c.h; path = ViewController.h; sourceTree = "<group>"; };
		A3F85C481EC9C37B00098486 /* ViewController.m */ = {isa = PBXFileReference; lastKnownFileType = sourcecode.c.objc; path = ViewController.m; sourceTree = "<group>"; };
		A3F85C4B1EC9C37B00098486 /* Base */ = {isa = PBXFileReference; lastKnownFileType = file.storyboard; name = Base; path = Base.lproj/Main.storyboard; sourceTree = "<group>"; };
		A3F85C4D1EC9C37B00098486 /* Assets.xcassets */ = {isa = PBXFileReference; lastKnownFileType = folder.assetcatalog; path = Assets.xcassets; sourceTree = "<group>"; };
		A3F85C501EC9C37B00098486 /* Base */ = {isa = PBXFileReference; lastKnownFileType = file.storyboard; name = Base; path = Base.lproj/LaunchScreen.storyboard; sourceTree = "<group>"; };
		A3F85C521EC9C37B00098486 /* Info.plist */ = {isa = PBXFileReference; lastKnownFileType = text.plist.xml; path = Info.plist; sourceTree = "<group>"; };
		A9C18F3ABFF3F2969498821D /* Pods-C2CallTask.release.xcconfig */ = {isa = PBXFileReference; includeInIndex = 1; lastKnownFileType = text.xcconfig; name = "Pods-C2CallTask.release.xcconfig"; path = "Pods/Target Support Files/Pods-C2CallTask/Pods-C2CallTask.release.xcconfig"; sourceTree = "<group>"; };
		E36CA00CF508B6E56AAA5FC0 /* libPods-C2CallTask.a */ = {isa = PBXFileReference; explicitFileType = archive.ar; includeInIndex = 0; path = "libPods-C2CallTask.a"; sourceTree = BUILT_PRODUCTS_DIR; };
/* End PBXFileReference section */

/* Begin PBXFrameworksBuildPhase section */
		A3F85C3B1EC9C37B00098486 /* Frameworks */ = {
			isa = PBXFrameworksBuildPhase;
			buildActionMask = 2147483647;
			files = (
				E4C18AA4A3E03BC705133295 /* libPods-C2CallTask.a in Frameworks */,
			);
			runOnlyForDeploymentPostprocessing = 0;
		};
/* End PBXFrameworksBuildPhase section */

/* Begin PBXGroup section */
		4074EDC812A8595A884612E0 /* Pods */ = {
			isa = PBXGroup;
			children = (
				27423721EB435C6F03260517 /* Pods-C2CallTask.debug.xcconfig */,
				A9C18F3ABFF3F2969498821D /* Pods-C2CallTask.release.xcconfig */,
			);
			name = Pods;
			sourceTree = "<group>";
		};
		A3F85C351EC9C37B00098486 = {
			isa = PBXGroup;
			children = (
				A3F85C401EC9C37B00098486 /* C2CallTask */,
				A3F85C3F1EC9C37B00098486 /* Products */,
				4074EDC812A8595A884612E0 /* Pods */,
				B901B577FA73F96A58543C24 /* Frameworks */,
			);
			sourceTree = "<group>";
		};
		A3F85C3F1EC9C37B00098486 /* Products */ = {
			isa = PBXGroup;
			children = (
				A3F85C3E1EC9C37B00098486 /* C2CallTask.app */,
			);
			name = Products;
			sourceTree = "<group>";
		};
		A3F85C401EC9C37B00098486 /* C2CallTask */ = {
			isa = PBXGroup;
			children = (
				A3F85C441EC9C37B00098486 /* AppDelegate.h */,
				A3F85C451EC9C37B00098486 /* AppDelegate.m */,
				A3F85C471EC9C37B00098486 /* ViewController.h */,
				A3F85C481EC9C37B00098486 /* ViewController.m */,
				A3F85C4A1EC9C37B00098486 /* Main.storyboard */,
				A3F85C4D1EC9C37B00098486 /* Assets.xcassets */,
				A3F85C4F1EC9C37B00098486 /* LaunchScreen.storyboard */,
				A3F85C521EC9C37B00098486 /* Info.plist */,
				A3F85C411EC9C37B00098486 /* Supporting Files */,
			);
			path = C2CallTask;
			sourceTree = "<group>";
		};
		A3F85C411EC9C37B00098486 /* Supporting Files */ = {
			isa = PBXGroup;
			children = (
				A3F85C421EC9C37B00098486 /* main.m */,
			);
			name = "Supporting Files";
			sourceTree = "<group>";
		};
		B901B577FA73F96A58543C24 /* Frameworks */ = {
			isa = PBXGroup;
			children = (
				E36CA00CF508B6E56AAA5FC0 /* libPods-C2CallTask.a */,
			);
			name = Frameworks;
			sourceTree = "<group>";
		};
/* End PBXGroup section */

/* Begin PBXNativeTarget section */
		A3F85C3D1EC9C37B00098486 /* C2CallTask */ = {
			isa = PBXNativeTarget;
			buildConfigurationList = A3F85C551EC9C37B00098486 /* Build configuration list for PBXNativeTarget "C2CallTask" */;
			buildPhases = (
				61A15040A6181EE4377E4D4E /* [CP] Check Pods Manifest.lock */,
				A3F85C3A1EC9C37B00098486 /* Sources */,
				A3F85C3B1EC9C37B00098486 /* Frameworks */,
				A3F85C3C1EC9C37B00098486 /* Resources */,
				A0E4D247C6493FC270CA93E5 /* [CP] Embed Pods Frameworks */,
				B45FEFDBFA64FE91F0271683 /* [CP] Copy Pods Resources */,
			);
			buildRules = (
			);
			dependencies = (
			);
			name = C2CallTask;
			productName = C2CallTask;
			productReference = A3F85C3E1EC9C37B00098486 /* C2CallTask.app */;
			productType = "com.apple.product-type.application";
		};
/* End PBXNativeTarget section */

/* Begin PBXProject section */
		A3F85C361EC9C37B00098486 /* Project object */ = {
			isa = PBXProject;
			attributes = {
				LastUpgradeCheck = 0820;
				ORGANIZATIONNAME = "Darius Miliauskas";
				TargetAttributes = {
					A3F85C3D1EC9C37B00098486 = {
						CreatedOnToolsVersion = 8.2.1;
						DevelopmentTeam = LAYLAP53SY;
						ProvisioningStyle = Automatic;
					};
				};
			};
			buildConfigurationList = A3F85C391EC9C37B00098486 /* Build configuration list for PBXProject "C2CallTask" */;
			compatibilityVersion = "Xcode 3.2";
			developmentRegion = English;
			hasScannedForEncodings = 0;
			knownRegions = (
				en,
				Base,
			);
			mainGroup = A3F85C351EC9C37B00098486;
			productRefGroup = A3F85C3F1EC9C37B00098486 /* Products */;
			projectDirPath = "";
			projectRoot = "";
			targets = (
				A3F85C3D1EC9C37B00098486 /* C2CallTask */,
			);
		};
/* End PBXProject section */

/* Begin PBXResourcesBuildPhase section */
		A3F85C3C1EC9C37B00098486 /* Resources */ = {
			isa = PBXResourcesBuildPhase;
			buildActionMask = 2147483647;
			files = (
				A3F85C511EC9C37B00098486 /* LaunchScreen.storyboard in Resources */,
				A3F85C4E1EC9C37B00098486 /* Assets.xcassets in Resources */,
				A3F85C4C1EC9C37B00098486 /* Main.storyboard in Resources */,
			);
			runOnlyForDeploymentPostprocessing = 0;
		};
/* End PBXResourcesBuildPhase section */

/* Begin PBXShellScriptBuildPhase section */
		61A15040A6181EE4377E4D4E /* [CP] Check Pods Manifest.lock */ = {
			isa = PBXShellScriptBuildPhase;
			buildActionMask = 2147483647;
			files = (
			);
			inputPaths = (
			);
			name = "[CP] Check Pods Manifest.lock";
			outputPaths = (
			);
			runOnlyForDeploymentPostprocessing = 0;
			shellPath = /bin/sh;
			shellScript = "diff \"${PODS_ROOT}/../Podfile.lock\" \"${PODS_ROOT}/Manifest.lock\" > /dev/null\nif [ $? != 0 ] ; then\n    # print error to STDERR\n    echo \"error: The sandbox is not in sync with the Podfile.lock. Run 'pod install' or update your CocoaPods installation.\" >&2\n    exit 1\nfi\n";
			showEnvVarsInLog = 0;
		};
		A0E4D247C6493FC270CA93E5 /* [CP] Embed Pods Frameworks */ = {
			isa = PBXShellScriptBuildPhase;
			buildActionMask = 2147483647;
			files = (
			);
			inputPaths = (
			);
			name = "[CP] Embed Pods Frameworks";
			outputPaths = (
			);
			runOnlyForDeploymentPostprocessing = 0;
			shellPath = /bin/sh;
			shellScript = "\"${SRCROOT}/Pods/Target Support Files/Pods-C2CallTask/Pods-C2CallTask-frameworks.sh\"\n";
			showEnvVarsInLog = 0;
		};
		B45FEFDBFA64FE91F0271683 /* [CP] Copy Pods Resources */ = {
			isa = PBXShellScriptBuildPhase;
			buildActionMask = 2147483647;
			files = (
			);
			inputPaths = (
			);
			name = "[CP] Copy Pods Resources";
			outputPaths = (
			);
			runOnlyForDeploymentPostprocessing = 0;
			shellPath = /bin/sh;
			shellScript = "\"${SRCROOT}/Pods/Target Support Files/Pods-C2CallTask/Pods-C2CallTask-resources.sh\"\n";
			showEnvVarsInLog = 0;
		};
/* End PBXShellScriptBuildPhase section */

/* Begin PBXSourcesBuildPhase section */
		A3F85C3A1EC9C37B00098486 /* Sources */ = {
			isa = PBXSourcesBuildPhase;
			buildActionMask = 2147483647;
			files = (
				A3F85C491EC9C37B00098486 /* ViewController.m in Sources */,
				A3F85C461EC9C37B00098486 /* AppDelegate.m in Sources */,
				A3F85C431EC9C37B00098486 /* main.m in Sources */,
			);
			runOnlyForDeploymentPostprocessing = 0;
		};
/* End PBXSourcesBuildPhase section */

/* Begin PBXVariantGroup section */
		A3F85C4A1EC9C37B00098486 /* Main.storyboard */ = {
			isa = PBXVariantGroup;
			children = (
				A3F85C4B1EC9C37B00098486 /* Base */,
			);
			name = Main.storyboard;
			sourceTree = "<group>";
		};
		A3F85C4F1EC9C37B00098486 /* LaunchScreen.storyboard */ = {
			isa = PBXVariantGroup;
			children = (
				A3F85C501EC9C37B00098486 /* Base */,
			);
			name = LaunchScreen.storyboard;
			sourceTree = "<group>";
		};
/* End PBXVariantGroup section */

/* Begin XCBuildConfiguration section */
		A3F85C531EC9C37B00098486 /* Debug */ = {
			isa = XCBuildConfiguration;
			buildSettings = {
				ALWAYS_SEARCH_USER_PATHS = NO;
				CLANG_ANALYZER_NONNULL = YES;
				CLANG_CXX_LANGUAGE_STANDARD = "gnu++0x";
				CLANG_CXX_LIBRARY = "libc++";
				CLANG_ENABLE_MODULES = YES;
				CLANG_ENABLE_OBJC_ARC = YES;
				CLANG_WARN_BOOL_CONVERSION = YES;
				CLANG_WARN_CONSTANT_CONVERSION = YES;
				CLANG_WARN_DIRECT_OBJC_ISA_USAGE = YES_ERROR;
				CLANG_WARN_DOCUMENTATION_COMMENTS = YES;
				CLANG_WARN_EMPTY_BODY = YES;
				CLANG_WARN_ENUM_CONVERSION = YES;
				CLANG_WARN_INFINITE_RECURSION = YES;
				CLANG_WARN_INT_CONVERSION = YES;
				CLANG_WARN_OBJC_ROOT_CLASS = YES_ERROR;
				CLANG_WARN_SUSPICIOUS_MOVE = YES;
				CLANG_WARN_UNREACHABLE_CODE = YES;
				CLANG_WARN__DUPLICATE_METHOD_MATCH = YES;
				"CODE_SIGN_IDENTITY[sdk=iphoneos*]" = "iPhone Developer";
				COPY_PHASE_STRIP = NO;
				DEBUG_INFORMATION_FORMAT = dwarf;
				ENABLE_STRICT_OBJC_MSGSEND = YES;
				ENABLE_TESTABILITY = YES;
				GCC_C_LANGUAGE_STANDARD = gnu99;
				GCC_DYNAMIC_NO_PIC = NO;
				GCC_NO_COMMON_BLOCKS = YES;
				GCC_OPTIMIZATION_LEVEL = 0;
				GCC_PREPROCESSOR_DEFINITIONS = (
					"DEBUG=1",
					"$(inherited)",
				);
				GCC_WARN_64_TO_32_BIT_CONVERSION = YES;
				GCC_WARN_ABOUT_RETURN_TYPE = YES_ERROR;
				GCC_WARN_UNDECLARED_SELECTOR = YES;
				GCC_WARN_UNINITIALIZED_AUTOS = YES_AGGRESSIVE;
				GCC_WARN_UNUSED_FUNCTION = YES;
				GCC_WARN_UNUSED_VARIABLE = YES;
				IPHONEOS_DEPLOYMENT_TARGET = 10.2;
				MTL_ENABLE_DEBUG_INFO = YES;
				ONLY_ACTIVE_ARCH = YES;
				SDKROOT = iphoneos;
			};
			name = Debug;
		};
		A3F85C541EC9C37B00098486 /* Release */ = {
			isa = XCBuildConfiguration;
			buildSettings = {
				ALWAYS_SEARCH_USER_PATHS = NO;
				CLANG_ANALYZER_NONNULL = YES;
				CLANG_CXX_LANGUAGE_STANDARD = "gnu++0x";
				CLANG_CXX_LIBRARY = "libc++";
				CLANG_ENABLE_MODULES = YES;
				CLANG_ENABLE_OBJC_ARC = YES;
				CLANG_WARN_BOOL_CONVERSION = YES;
				CLANG_WARN_CONSTANT_CONVERSION = YES;
				CLANG_WARN_DIRECT_OBJC_ISA_USAGE = YES_ERROR;
				CLANG_WARN_DOCUMENTATION_COMMENTS = YES;
				CLANG_WARN_EMPTY_BODY = YES;
				CLANG_WARN_ENUM_CONVERSION = YES;
				CLANG_WARN_INFINITE_RECURSION = YES;
				CLANG_WARN_INT_CONVERSION = YES;
				CLANG_WARN_OBJC_ROOT_CLASS = YES_ERROR;
				CLANG_WARN_SUSPICIOUS_MOVE = YES;
				CLANG_WARN_UNREACHABLE_CODE = YES;
				CLANG_WARN__DUPLICATE_METHOD_MATCH = YES;
				"CODE_SIGN_IDENTITY[sdk=iphoneos*]" = "iPhone Developer";
				COPY_PHASE_STRIP = NO;
				DEBUG_INFORMATION_FORMAT = "dwarf-with-dsym";
				ENABLE_NS_ASSERTIONS = NO;
				ENABLE_STRICT_OBJC_MSGSEND = YES;
				GCC_C_LANGUAGE_STANDARD = gnu99;
				GCC_NO_COMMON_BLOCKS = YES;
				GCC_WARN_64_TO_32_BIT_CONVERSION = YES;
				GCC_WARN_ABOUT_RETURN_TYPE = YES_ERROR;
				GCC_WARN_UNDECLARED_SELECTOR = YES;
				GCC_WARN_UNINITIALIZED_AUTOS = YES_AGGRESSIVE;
				GCC_WARN_UNUSED_FUNCTION = YES;
				GCC_WARN_UNUSED_VARIABLE = YES;
				IPHONEOS_DEPLOYMENT_TARGET = 10.2;
				MTL_ENABLE_DEBUG_INFO = NO;
				SDKROOT = iphoneos;
				VALIDATE_PRODUCT = YES;
			};
			name = Release;
		};
		A3F85C561EC9C37B00098486 /* Debug */ = {
			isa = XCBuildConfiguration;
			baseConfigurationReference = 27423721EB435C6F03260517 /* Pods-C2CallTask.debug.xcconfig */;
			buildSettings = {
				ASSETCATALOG_COMPILER_APPICON_NAME = AppIcon;
				DEVELOPMENT_TEAM = LAYLAP53SY;
				INFOPLIST_FILE = C2CallTask/Info.plist;
				LD_RUNPATH_SEARCH_PATHS = "$(inherited) @executable_path/Frameworks";
				PRODUCT_BUNDLE_IDENTIFIER = com.dariukas.C2CallTask;
				PRODUCT_NAME = "$(TARGET_NAME)";
			};
			name = Debug;
		};
		A3F85C571EC9C37B00098486 /* Release */ = {
			isa = XCBuildConfiguration;
			baseConfigurationReference = A9C18F3ABFF3F2969498821D /* Pods-C2CallTask.release.xcconfig */;
			buildSettings = {
				ASSETCATALOG_COMPILER_APPICON_NAME = AppIcon;
				DEVELOPMENT_TEAM = LAYLAP53SY;
				INFOPLIST_FILE = C2CallTask/Info.plist;
				LD_RUNPATH_SEARCH_PATHS = "$(inherited) @executable_path/Frameworks";
				PRODUCT_BUNDLE_IDENTIFIER = com.dariukas.C2CallTask;
				PRODUCT_NAME = "$(TARGET_NAME)";
			};
			name = Release;
		};
/* End XCBuildConfiguration section */

/* Begin XCConfigurationList section */
		A3F85C391EC9C37B00098486 /* Build configuration list for PBXProject "C2CallTask" */ = {
			isa = XCConfigurationList;
			buildConfigurations = (
				A3F85C531EC9C37B00098486 /* Debug */,
				A3F85C541EC9C37B00098486 /* Release */,
			);
			defaultConfigurationIsVisible = 0;
			defaultConfigurationName = Release;
		};
		A3F85C551EC9C37B00098486 /* Build configuration list for PBXNativeTarget "C2CallTask" */ = {
			isa = XCConfigurationList;
			buildConfigurations = (
				A3F85C561EC9C37B00098486 /* Debug */,
				A3F85C571EC9C37B00098486 /* Release */,
			);
			defaultConfigurationIsVisible = 0;
			defaultConfigurationName = Release;
		};
/* End XCConfigurationList section */
	};
	rootObject = A3F85C361EC9C37B00098486 /* Project object */;
}
